
Microsoft Visual Studio Solution File, Format Version 12.00
# Visual Studio 15
VisualStudioVersion = 15.0.28010.2003
MinimumVisualStudioVersion = 10.0.40219.1
Project("{8BC9CEB8-8B4A-11D0-8D11-00A0C91BC942}") = "CppDll", "CppDll\CppDll.vcxproj", "{C4CEB61F-8B37-44F3-A949-1EF024FA31A6}"
EndProject
Project("{FAE04EC0-301F-11D3-BF4B-00C04F79EFBC}") = "Client", "Client\Client.csproj", "{88B5DB4B-0C6B-4A32-9FC0-57159B73B162}"
EndProject
Project("{FAE04EC0-301F-11D3-BF4B-00C04F79EFBC}") = "CSDll", "CSDll\CSDll.csproj", "{093F9B45-030B-4937-A0B1-875426314F75}"
EndProject
Global
	GlobalSection(SolutionConfigurationPlatforms) = preSolution
		Debug|Any CPU = Debug|Any CPU
		Debug|x64 = Debug|x64
		Debug|x86 = Debug|x86
		Release|Any CPU = Release|Any CPU
		Release|x64 = Release|x64
		Release|x86 = Release|x86
	EndGlobalSection
	GlobalSection(ProjectConfigurationPlatforms) = postSolution
		{C4CEB61F-8B37-44F3-A949-1EF024FA31A6}.Debug|Any CPU.ActiveCfg = Debug|Win32
		{C4CEB61F-8B37-44F3-A949-1EF024FA31A6}.Debug|x64.ActiveCfg = Debug|x64
		{C4CEB61F-8B37-44F3-A949-1EF024FA31A6}.Debug|x64.Build.0 = Debug|x64
		{C4CEB61F-8B37-44F3-A949-1EF024FA31A6}.Debug|x86.ActiveCfg = Debug|Win32
		{C4CEB61F-8B37-44F3-A949-1EF024FA31A6}.Debug|x86.Build.0 = Debug|Win32
		{C4CEB61F-8B37-44F3-A949-1EF024FA31A6}.Release|Any CPU.ActiveCfg = Release|Win32
		{C4CEB61F-8B37-44F3-A949-1EF024FA31A6}.Release|x64.ActiveCfg = Release|x64
		{C4CEB61F-8B37-44F3-A949-1EF024FA31A6}.Release|x64.Build.0 = Release|x64
		{C4CEB61F-8B37-44F3-A949-1EF024FA31A6}.Release|x86.ActiveCfg = Release|Win32
		{C4CEB61F-8B37-44F3-A949-1EF024FA31A6}.Release|x86.Build.0 = Release|Win32
		{88B5DB4B-0C6B-4A32-9FC0-57159B73B162}.Debug|Any CPU.ActiveCfg = Debug|Any CPU
		{88B5DB4B-0C6B-4A32-9FC0-57159B73B162}.Debug|Any CPU.Build.0 = Debug|Any CPU
		{88B5DB4B-0C6B-4A32-9FC0-57159B73B162}.Debug|x64.ActiveCfg = Debug|Any CPU
		{88B5DB4B-0C6B-4A32-9FC0-57159B73B162}.Debug|x64.Build.0 = Debug|Any CPU
		{88B5DB4B-0C6B-4A32-9FC0-57159B73B162}.Debug|x86.ActiveCfg = Debug|Any CPU
		{88B5DB4B-0C6B-4A32-9FC0-57159B73B162}.Debug|x86.Build.0 = Debug|Any CPU
		{88B5DB4B-0C6B-4A32-9FC0-57159B73B162}.Release|Any CPU.ActiveCfg = Release|Any CPU
		{88B5DB4B-0C6B-4A32-9FC0-57159B73B162}.Release|Any CPU.Build.0 = Release|Any CPU
		{88B5DB4B-0C6B-4A32-9FC0-57159B73B162}.Release|x64.ActiveCfg = Release|Any CPU
		{88B5DB4B-0C6B-4A32-9FC0-57159B73B162}.Release|x64.Build.0 = Release|Any CPU
		{88B5DB4B-0C6B-4A32-9FC0-57159B73B162}.Release|x86.ActiveCfg = Release|Any CPU
		{88B5DB4B-0C6B-4A32-9FC0-57159B73B162}.Release|x86.Build.0 = Release|Any CPU
		{093F9B45-030B-4937-A0B1-875426314F75}.Debug|Any CPU.ActiveCfg = Debug|Any CPU
		{093F9B45-030B-4937-A0B1-875426314F75}.Debug|Any CPU.Build.0 = Debug|Any CPU
		{093F9B45-030B-4937-A0B1-875426314F75}.Debug|x64.ActiveCfg = Debug|Any CPU
		{093F9B45-030B-4937-A0B1-875426314F75}.Debug|x64.Build.0 = Debug|Any CPU
		{093F9B45-030B-4937-A0B1-875426314F75}.Debug|x86.ActiveCfg = Debug|Any CPU
		{093F9B45-030B-4937-A0B1-875426314F75}.Debug|x86.Build.0 = Debug|Any CPU
		{093F9B45-030B-4937-A0B1-875426314F75}.Release|Any CPU.ActiveCfg = Release|Any CPU
		{093F9B45-030B-4937-A0B1-875426314F75}.Release|Any CPU.Build.0 = Release|Any CPU
		{093F9B45-030B-4937-A0B1-875426314F75}.Release|x64.ActiveCfg = Release|Any CPU
		{093F9B45-030B-4937-A0B1-875426314F75}.Release|x64.Build.0 = Release|Any CPU
		{093F9B45-030B-4937-A0B1-875426314F75}.Release|x86.ActiveCfg = Release|Any CPU
		{093F9B45-030B-4937-A0B1-875426314F75}.Release|x86.Build.0 = Release|Any CPU
	EndGlobalSection
	GlobalSection(SolutionProperties) = preSolution
		HideSolutionNode = FALSE
	EndGlobalSection
	GlobalSection(ExtensibilityGlobals) = postSolution
		SolutionGuid = {D902F708-AD2C-4A25-AC7F-FDB46D374113}
	EndGlobalSection
EndGlobal
